
Microsoft Visual Studio Solution File, Format Version 12.00
# Visual Studio Version 17
VisualStudioVersion = 17.8.34322.80
MinimumVisualStudioVersion = 10.0.40219.1
Project("{FAE04EC0-301F-11D3-BF4B-00C04F79EFBC}") = "Aoc2023", "Aoc2023\Aoc2023.csproj", "{3D34CC98-4F93-4200-AB07-9BB0E4B4D950}"
EndProject
Global
	GlobalSection(SolutionConfigurationPlatforms) = preSolution
		Debug|Any CPU = Debug|Any CPU
		Release|Any CPU = Release|Any CPU
	EndGlobalSection
	GlobalSection(ProjectConfigurationPlatforms) = postSolution
		{3D34CC98-4F93-4200-AB07-9BB0E4B4D950}.Debug|Any CPU.ActiveCfg = Debug|Any CPU
		{3D34CC98-4F93-4200-AB07-9BB0E4B4D950}.Debug|Any CPU.Build.0 = Debug|Any CPU
		{3D34CC98-4F93-4200-AB07-9BB0E4B4D950}.Release|Any CPU.ActiveCfg = Release|Any CPU
		{3D34CC98-4F93-4200-AB07-9BB0E4B4D950}.Release|Any CPU.Build.0 = Release|Any CPU
	EndGlobalSection
	GlobalSection(SolutionProperties) = preSolution
		HideSolutionNode = FALSE
	EndGlobalSection
	GlobalSection(ExtensibilityGlobals) = postSolution
		SolutionGuid = {4112BA17-E8B6-45A5-AF80-11F1AD55F5AA}
	EndGlobalSection
EndGlobal
